{
  "version": 4,
  "terraform_version": "1.14.3",
  "serial": 5,
  "lineage": "a1fe64de-83f9-471c-b7ec-3c6756d0bcef",
  "outputs": {},
  "resources": [
    {
      "mode": "managed",
      "type": "aws_dynamodb_table",
      "name": "this",
      "provider": "provider[\"registry.terraform.io/hashicorp/aws\"].primary",
      "instances": [
        {
          "schema_version": 1,
          "attributes": {
            "arn": "arn:aws:dynamodb:us-east-1:165576755593:table/HighAvailabilityTable",
            "attribute": [
              {
                "name": "ItemId",
                "type": "S"
              }
            ],
            "billing_mode": "PAY_PER_REQUEST",
            "deletion_protection_enabled": false,
            "global_secondary_index": [],
            "global_table_witness": [],
            "hash_key": "ItemId",
            "id": "HighAvailabilityTable",
            "import_table": [],
            "local_secondary_index": [],
            "name": "HighAvailabilityTable",
            "on_demand_throughput": [],
            "point_in_time_recovery": [
              {
                "enabled": true,
                "recovery_period_in_days": 35
              }
            ],
            "range_key": null,
            "read_capacity": 0,
            "region": "us-east-1",
            "replica": [
              {
                "arn": "arn:aws:dynamodb:us-west-2:165576755593:table/HighAvailabilityTable",
                "consistency_mode": "EVENTUAL",
                "deletion_protection_enabled": false,
                "kms_key_arn": "",
                "point_in_time_recovery": false,
                "propagate_tags": false,
                "region_name": "us-west-2",
                "stream_arn": "arn:aws:dynamodb:us-west-2:165576755593:table/HighAvailabilityTable/stream/2026-02-19T14:40:37.718",
                "stream_label": "2026-02-19T14:40:37.718"
              }
            ],
            "restore_date_time": null,
            "restore_source_name": null,
            "restore_source_table_arn": null,
            "restore_to_latest_time": null,
            "server_side_encryption": [],
            "stream_arn": "arn:aws:dynamodb:us-east-1:165576755593:table/HighAvailabilityTable/stream/2026-02-19T14:40:14.771",
            "stream_enabled": true,
            "stream_label": "2026-02-19T14:40:14.771",
            "stream_view_type": "NEW_AND_OLD_IMAGES",
            "table_class": "STANDARD",
            "tags": {
              "Name": "HighAvailabilityTable"
            },
            "tags_all": {
              "Environment": "production",
              "ManagedBy": "Terraform",
              "Name": "HighAvailabilityTable",
              "Owner": "Rastin-Ghasemi",
              "Project": "HA-ServerLess",
              "contact": "rastinghasemi5@gmail.com"
            },
            "timeouts": null,
            "ttl": [
              {
                "attribute_name": "",
                "enabled": false
              }
            ],
            "warm_throughput": [],
            "write_capacity": 0
          },
          "sensitive_attributes": [],
          "identity_schema_version": 0,
          "private": "eyJlMmJmYjczMC1lY2FhLTExZTYtOGY4OC0zNDM2M2JjN2M0YzAiOnsiY3JlYXRlIjoxODAwMDAwMDAwMDAwLCJkZWxldGUiOjYwMDAwMDAwMDAwMCwidXBkYXRlIjozNjAwMDAwMDAwMDAwfSwic2NoZW1hX3ZlcnNpb24iOiIxIn0="
        }
      ]
    }
  ],
  "check_results": null
}
